{
  "requires": true,
  "lockfileVersion": 1,
  "dependencies": {
    "@babel/runtime": {
      "version": "7.6.0",
      "resolved": "https://registry.npmjs.org/@babel/runtime/-/runtime-7.6.0.tgz",
      "integrity": "sha512-89eSBLJsxNxOERC0Op4vd+0Bqm6wRMqMbFtV3i0/fbaWw/mJ8Q3eBvgX0G4SyrOOLCtbu98HspF8o09MRT+KzQ==",
      "requires": {
        "regenerator-runtime": "^0.13.2"
      }
    },
    "debug": {
      "version": "3.2.6",
      "resolved": "https://registry.npmjs.org/debug/-/debug-3.2.6.tgz",
      "integrity": "sha512-mel+jf7nrtEl5Pn1Qx46zARXKDpBbvzezse7p7LqINmdoIk8PYP5SySaxEmYv6TZ0JyEKA1hsCId6DIhgITtWQ==",
      "requires": {
        "ms": "^2.1.1"
      }
    },
    "direction": {
      "version": "0.1.5",
      "resolved": "https://registry.npmjs.org/direction/-/direction-0.1.5.tgz",
      "integrity": "sha1-zl15f5fib4vnvv9T99xA4cGp7Ew="
    },
    "esrever": {
      "version": "0.2.0",
      "resolved": "https://registry.npmjs.org/esrever/-/esrever-0.2.0.tgz",
      "integrity": "sha1-lunSj08bGnZ4TNXUkOquAQ50B7g="
    },
    "get-document": {
      "version": "1.0.0",
      "resolved": "https://registry.npmjs.org/get-document/-/get-document-1.0.0.tgz",
      "integrity": "sha1-SCG85m8cJMsDMWAr5strEsTwHEs="
    },
    "get-window": {
      "version": "1.1.2",
      "resolved": "https://registry.npmjs.org/get-window/-/get-window-1.1.2.tgz",
      "integrity": "sha512-yjWpFcy9fjhLQHW1dPtg9ga4pmizLY8y4ZSHdGrAQ1NU277MRhnGnnLPxe19X8W5lWVsCZz++5xEuNozWMVmTw==",
      "requires": {
        "get-document": "1"
      }
    },
    "hoist-non-react-statics": {
      "version": "3.3.0",
      "resolved": "https://registry.npmjs.org/hoist-non-react-statics/-/hoist-non-react-statics-3.3.0.tgz",
      "integrity": "sha512-0XsbTXxgiaCDYDIWFcwkmerZPSwywfUqYmwT4jzewKTQSWoE6FCMoUVOeBJWK3E/CrWbxRG3m5GzY4lnIwGRBA==",
      "requires": {
        "react-is": "^16.7.0"
      }
    },
    "immutable": {
      "version": "4.0.0-rc.12",
      "resolved": "https://registry.npmjs.org/immutable/-/immutable-4.0.0-rc.12.tgz",
      "integrity": "sha512-0M2XxkZLx/mi3t8NVwIm1g8nHoEmM9p9UBl/G9k4+hm0kBgOVdMV/B3CY5dQ8qG8qc80NN4gDV4HQv6FTJ5q7A=="
    },
    "invariant": {
      "version": "2.2.4",
      "resolved": "https://registry.npmjs.org/invariant/-/invariant-2.2.4.tgz",
      "integrity": "sha512-phJfQVBuaJM5raOpJjSfkiD6BpbCE4Ns//LaXl6wGYtUBY83nWS6Rf9tXm2e8VaK60JEjYldbPif/A2B1C2gNA==",
      "requires": {
        "loose-envify": "^1.0.0"
      }
    },
    "is-hotkey": {
      "version": "0.1.4",
      "resolved": "https://registry.npmjs.org/is-hotkey/-/is-hotkey-0.1.4.tgz",
      "integrity": "sha512-Py+aW4r5mBBY18TGzGz286/gKS+fCQ0Hee3qkaiSmEPiD0PqFpe0wuA3l7rTOUKyeXl8Mxf3XzJxIoTlSv+kxA=="
    },
    "is-in-browser": {
      "version": "1.1.3",
      "resolved": "https://registry.npmjs.org/is-in-browser/-/is-in-browser-1.1.3.tgz",
      "integrity": "sha1-Vv9NtoOgeMYILrldrX3GLh0E+DU="
    },
    "is-plain-object": {
      "version": "2.0.4",
      "resolved": "https://registry.npmjs.org/is-plain-object/-/is-plain-object-2.0.4.tgz",
      "integrity": "sha512-h5PpgXkWitc38BBMYawTYMWJHFZJVnBquFE57xFpjB8pJFiF6gZ+bU+WyI/yqXiFR5mdLsgYNaPe8uao6Uv9Og==",
      "requires": {
        "isobject": "^3.0.1"
      }
    },
    "is-window": {
      "version": "1.0.2",
      "resolved": "https://registry.npmjs.org/is-window/-/is-window-1.0.2.tgz",
      "integrity": "sha1-LIlspT25feRdPDMTOmXYyfVjSA0="
    },
    "isobject": {
      "version": "3.0.1",
      "resolved": "https://registry.npmjs.org/isobject/-/isobject-3.0.1.tgz",
      "integrity": "sha1-TkMekrEalzFjaqH5yNHMvP2reN8="
    },
    "isomorphic-base64": {
      "version": "1.0.2",
      "resolved": "https://registry.npmjs.org/isomorphic-base64/-/isomorphic-base64-1.0.2.tgz",
      "integrity": "sha1-9Caq6CVpuopOxcpzrSGkSrHueAM="
    },
    "js-tokens": {
      "version": "4.0.0",
      "resolved": "https://registry.npmjs.org/js-tokens/-/js-tokens-4.0.0.tgz",
      "integrity": "sha512-RdJUflcE3cUzKiMqQgsCu06FPu9UdIJO0beYbPhHN4k6apgJtifcoCtT9bcxOpYBtpD2kCM6Sbzg4CausW/PKQ=="
    },
    "lodash": {
      "version": "4.17.15",
      "resolved": "https://registry.npmjs.org/lodash/-/lodash-4.17.15.tgz",
      "integrity": "sha512-8xOcRHvCjnocdS5cpwXQXVzmmh5e5+saE2QGoeQmbKmRS6J3VQppPOIt0MnmE+4xlZoumy0GPG0D0MVIQbNA1A=="
    },
    "loose-envify": {
      "version": "1.4.0",
      "resolved": "https://registry.npmjs.org/loose-envify/-/loose-envify-1.4.0.tgz",
      "integrity": "sha512-lyuxPGr/Wfhrlem2CL/UcnUc1zcqKAImBDzukY7Y5F/yQiNdko6+fRLevlw1HgMySw7f611UIY408EtxRSoK3Q==",
      "requires": {
        "js-tokens": "^3.0.0 || ^4.0.0"
      }
    },
    "memoize-one": {
      "version": "4.0.3",
      "resolved": "https://registry.npmjs.org/memoize-one/-/memoize-one-4.0.3.tgz",
      "integrity": "sha512-QmpUu4KqDmX0plH4u+tf0riMc1KHE1+lw95cMrLlXQAFOx/xnBtwhZ52XJxd9X2O6kwKBqX32kmhbhlobD0cuw=="
    },
    "ms": {
      "version": "2.1.2",
      "resolved": "https://registry.npmjs.org/ms/-/ms-2.1.2.tgz",
      "integrity": "sha512-sGkPx+VjMtmA6MX27oA4FBFELFCZZ4S4XqeGOXCv68tT+jb3vk/RyaKWP0PTKyWtmLSM0b+adUTEvbs1PEaH2w=="
    },
    "object-assign": {
      "version": "4.1.1",
      "resolved": "https://registry.npmjs.org/object-assign/-/object-assign-4.1.1.tgz",
      "integrity": "sha1-IQmtx5ZYh8/AXLvUQsrIv7s2CGM="
    },
    "prop-types": {
      "version": "15.7.2",
      "resolved": "https://registry.npmjs.org/prop-types/-/prop-types-15.7.2.tgz",
      "integrity": "sha512-8QQikdH7//R2vurIJSutZ1smHYTcLpRWEOlHnzcWHmBYrOGUysKwSsrC89BCiFj3CbrfJ/nXFdJepOVrY1GCHQ==",
      "requires": {
        "loose-envify": "^1.4.0",
        "object-assign": "^4.1.1",
        "react-is": "^16.8.1"
      }
    },
    "react": {
      "version": "16.9.0",
      "resolved": "https://registry.npmjs.org/react/-/react-16.9.0.tgz",
      "integrity": "sha512-+7LQnFBwkiw+BobzOF6N//BdoNw0ouwmSJTEm9cglOOmsg/TMiFHZLe2sEoN5M7LgJTj9oHH0gxklfnQe66S1w==",
      "requires": {
        "loose-envify": "^1.1.0",
        "object-assign": "^4.1.1",
        "prop-types": "^15.6.2"
      }
    },
    "react-dom": {
      "version": "16.9.0",
      "resolved": "https://registry.npmjs.org/react-dom/-/react-dom-16.9.0.tgz",
      "integrity": "sha512-YFT2rxO9hM70ewk9jq0y6sQk8cL02xm4+IzYBz75CQGlClQQ1Bxq0nhHF6OtSbit+AIahujJgb/CPRibFkMNJQ==",
      "requires": {
        "loose-envify": "^1.1.0",
        "object-assign": "^4.1.1",
        "prop-types": "^15.6.2",
        "scheduler": "^0.15.0"
      }
    },
    "react-immutable-proptypes": {
      "version": "2.1.0",
      "resolved": "https://registry.npmjs.org/react-immutable-proptypes/-/react-immutable-proptypes-2.1.0.tgz",
      "integrity": "sha1-Aj1vObsVyXwHHp5g0A0TbqxfoLQ="
    },
    "react-is": {
      "version": "16.9.0",
      "resolved": "https://registry.npmjs.org/react-is/-/react-is-16.9.0.tgz",
      "integrity": "sha512-tJBzzzIgnnRfEm046qRcURvwQnZVXmuCbscxUO5RWrGTXpon2d4c8mI0D8WE6ydVIm29JiLB6+RslkIvym9Rjw=="
    },
    "react-redux": {
      "version": "7.1.1",
      "resolved": "https://registry.npmjs.org/react-redux/-/react-redux-7.1.1.tgz",
      "integrity": "sha512-QsW0vcmVVdNQzEkrgzh2W3Ksvr8cqpAv5FhEk7tNEft+5pp7rXxAudTz3VOPawRkLIepItpkEIyLcN/VVXzjTg==",
      "requires": {
        "@babel/runtime": "^7.5.5",
        "hoist-non-react-statics": "^3.3.0",
        "invariant": "^2.2.4",
        "loose-envify": "^1.4.0",
        "prop-types": "^15.7.2",
        "react-is": "^16.9.0"
      }
    },
    "regenerator-runtime": {
      "version": "0.13.3",
      "resolved": "https://registry.npmjs.org/regenerator-runtime/-/regenerator-runtime-0.13.3.tgz",
      "integrity": "sha512-naKIZz2GQ8JWh///G7L3X6LaQUAMp2lvb1rvwwsURe/VXwD6VMfr+/1NuNw3ag8v2kY1aQ/go5SNn79O9JU7yw=="
    },
    "scheduler": {
      "version": "0.15.0",
      "resolved": "https://registry.npmjs.org/scheduler/-/scheduler-0.15.0.tgz",
      "integrity": "sha512-xAefmSfN6jqAa7Kuq7LIJY0bwAPG3xlCj0HMEBQk1lxYiDKZscY2xJ5U/61ZTrYbmNQbXa+gc7czPkVo11tnCg==",
      "requires": {
        "loose-envify": "^1.1.0",
        "object-assign": "^4.1.1"
      }
    },
    "selection-is-backward": {
      "version": "1.0.0",
      "resolved": "https://registry.npmjs.org/selection-is-backward/-/selection-is-backward-1.0.0.tgz",
      "integrity": "sha1-l6VGMxiKURq6ZBn8XB+pG0Z+a+E="
    },
    "slate": {
      "version": "0.47.8",
      "resolved": "https://registry.npmjs.org/slate/-/slate-0.47.8.tgz",
      "integrity": "sha512-/Jt0eq4P40qZvtzeKIvNb+1N97zVICulGQgQoMDH0TI8h8B+5kqa1YeckRdRnuvfYJm3J/9lWn2V3J1PrF+hag==",
      "requires": {
        "debug": "^3.1.0",
        "direction": "^0.1.5",
        "esrever": "^0.2.0",
        "is-plain-object": "^2.0.4",
        "lodash": "^4.17.4",
        "tiny-invariant": "^1.0.1",
        "tiny-warning": "^0.0.3",
        "type-of": "^2.0.1"
      }
    },
    "slate-base64-serializer": {
      "version": "0.2.111",
      "resolved": "https://registry.npmjs.org/slate-base64-serializer/-/slate-base64-serializer-0.2.111.tgz",
      "integrity": "sha512-pEsbxz4msVSCCCkn7rX+lHXxUj/oddcR4VsIYwWeQQLm9Uw7Ovxja4rQ/hVFcQqoU2DIjITRwBR9pv3RyS+PZQ==",
      "requires": {
        "isomorphic-base64": "^1.0.2"
      }
    },
    "slate-dev-environment": {
      "version": "0.2.2",
      "resolved": "https://registry.npmjs.org/slate-dev-environment/-/slate-dev-environment-0.2.2.tgz",
      "integrity": "sha512-JZ09llrRQu6JUsLJCUlGC0lB1r1qIAabAkSd454iyYBq6lDuY//Bypi3Jo8yzIfzZ4+mRLdQvl9e8MbeM9l48Q==",
      "requires": {
        "is-in-browser": "^1.1.3"
      }
    },
    "slate-hotkeys": {
      "version": "0.2.9",
      "resolved": "https://registry.npmjs.org/slate-hotkeys/-/slate-hotkeys-0.2.9.tgz",
      "integrity": "sha512-y+C/s5vJEmBxo8fIqHmUcdViGwALL/A6Qow3sNG1OHYD5SI11tC2gfYtGbPh+2q0H7O4lufffCmFsP5bMaDHqA==",
      "requires": {
        "is-hotkey": "0.1.4",
        "slate-dev-environment": "^0.2.2"
      }
    },
    "slate-plain-serializer": {
      "version": "0.7.10",
      "resolved": "https://registry.npmjs.org/slate-plain-serializer/-/slate-plain-serializer-0.7.10.tgz",
      "integrity": "sha512-/QvMCQ0F3NzbnuoW+bxsLIChPdRgxBjQeGhYhpRGTVvlZCLOmfDvavhN6fHsuEwkvdwOmocNF30xT1WVlmibYg=="
    },
    "slate-prop-types": {
      "version": "0.5.41",
      "resolved": "https://registry.npmjs.org/slate-prop-types/-/slate-prop-types-0.5.41.tgz",
      "integrity": "sha512-fLcXlugO9btF5b/by+dA+n8fn2mET75VGWltqFNxGdl6ncyBtrGspWA7mLVRFSqQWOS/Ig4A3URCRumOBBCUfQ=="
    },
    "slate-react": {
      "version": "0.22.8",
      "resolved": "https://registry.npmjs.org/slate-react/-/slate-react-0.22.8.tgz",
      "integrity": "sha512-BpQcZZ7kJV8bQ5nOjOJrAQJZZ7zD4AaVtlgxe/41MoAsSQFebhKYZWSxExuyb0wH2esjdPVihbi57FsZgEeDqg==",
      "requires": {
        "debug": "^3.1.0",
        "get-window": "^1.1.1",
        "is-window": "^1.0.2",
        "lodash": "^4.1.1",
        "memoize-one": "^4.0.0",
        "prop-types": "^15.5.8",
        "react-immutable-proptypes": "^2.1.0",
        "selection-is-backward": "^1.0.0",
        "slate-base64-serializer": "^0.2.111",
        "slate-dev-environment": "^0.2.2",
        "slate-hotkeys": "^0.2.9",
        "slate-plain-serializer": "^0.7.10",
        "slate-prop-types": "^0.5.41",
        "slate-react-placeholder": "^0.2.8",
        "tiny-invariant": "^1.0.1",
        "tiny-warning": "^0.0.3"
      }
    },
    "slate-react-placeholder": {
      "version": "0.2.8",
      "resolved": "https://registry.npmjs.org/slate-react-placeholder/-/slate-react-placeholder-0.2.8.tgz",
      "integrity": "sha512-CZZSg5usE2ZY/AYg06NVcL9Wia6hD/Mg0w4D4e9rPh6hkkFJg8LZXYMRz+6Q4v1dqHmzRsZ2Ixa0jRuiKXsMaQ=="
    },
    "tiny-invariant": {
      "version": "1.0.6",
      "resolved": "https://registry.npmjs.org/tiny-invariant/-/tiny-invariant-1.0.6.tgz",
      "integrity": "sha512-FOyLWWVjG+aC0UqG76V53yAWdXfH8bO6FNmyZOuUrzDzK8DI3/JRY25UD7+g49JWM1LXwymsKERB+DzI0dTEQA=="
    },
    "tiny-warning": {
      "version": "0.0.3",
      "resolved": "https://registry.npmjs.org/tiny-warning/-/tiny-warning-0.0.3.tgz",
      "integrity": "sha512-r0SSA5Y5IWERF9Xh++tFPx0jITBgGggOsRLDWWew6YRw/C2dr4uNO1fw1vanrBmHsICmPyMLNBZboTlxUmUuaA=="
    },
    "type-of": {
      "version": "2.0.1",
      "resolved": "https://registry.npmjs.org/type-of/-/type-of-2.0.1.tgz",
      "integrity": "sha1-5yoXQYllaOn2KDeNgW1pEvfyOXI="
    }
  }
}
